// !$*UTF8*$!
{
	archiveVersion = 1;
	classes = {
	};
	objectVersion = 46;
	objects = {

/* Begin PBXFileReference section */
		2E9791711BE3C03A005DAFF2 /* Assets */ = {isa = PBXFileReference; lastKnownFileType = folder; name = Assets; path = combinationlock/Assets; sourceTree = "<group>"; };
		2E9791721BE3C03A005DAFF2 /* combinationlockprefs */ = {isa = PBXFileReference; lastKnownFileType = folder; name = combinationlockprefs; path = combinationlock/combinationlockprefs; sourceTree = "<group>"; };
		2E9791731BE3C03A005DAFF2 /* CombinationLockTest */ = {isa = PBXFileReference; lastKnownFileType = folder; name = CombinationLockTest; path = combinationlock/CombinationLockTest; sourceTree = "<group>"; };
		2E9791741BE3C03A005DAFF2 /* final_release_debs */ = {isa = PBXFileReference; lastKnownFileType = folder; name = final_release_debs; path = combinationlock/final_release_debs; sourceTree = "<group>"; };
		2E9791751BE3C03A005DAFF2 /* layout */ = {isa = PBXFileReference; lastKnownFileType = folder; name = layout; path = combinationlock/layout; sourceTree = "<group>"; };
		2E9791761BE3C03A005DAFF2 /* public */ = {isa = PBXFileReference; lastKnownFileType = folder; name = public; path = combinationlock/public; sourceTree = "<group>"; };
		2E9791771BE3C03A005DAFF2 /* Resources */ = {isa = PBXFileReference; lastKnownFileType = folder; name = Resources; path = combinationlock/Resources; sourceTree = "<group>"; };
		2E9791781BE3C03A005DAFF2 /* CombinationLock.plist */ = {isa = PBXFileReference; lastKnownFileType = text.plist; name = CombinationLock.plist; path = combinationlock/CombinationLock.plist; sourceTree = "<group>"; };
		2E9791791BE3C03A005DAFF2 /* SWCombinationItem.m */ = {isa = PBXFileReference; lastKnownFileType = sourcecode.c.objc; name = SWCombinationItem.m; path = combinationlock/SWCombinationItem.m; sourceTree = "<group>"; };
		2E97917A1BE3C03A005DAFF2 /* SWCombinationWheel.m */ = {isa = PBXFileReference; lastKnownFileType = sourcecode.c.objc; name = SWCombinationWheel.m; path = combinationlock/SWCombinationWheel.m; sourceTree = "<group>"; };
		2E97917B1BE3C03A005DAFF2 /* Makefile */ = {isa = PBXFileReference; lastKnownFileType = sourcecode.make; name = Makefile; path = combinationlock/Makefile; sourceTree = "<group>"; };
		2E97917C1BE3C03A005DAFF2 /* SWCombinationLock.xm */ = {isa = PBXFileReference; lastKnownFileType = text; name = SWCombinationLock.xm; path = combinationlock/SWCombinationLock.xm; sourceTree = "<group>"; };
/* End PBXFileReference section */

/* Begin PBXGroup section */
		2E0CC2541AD8483400118802 = {
			isa = PBXGroup;
			children = (
				2E9791711BE3C03A005DAFF2 /* Assets */,
				2E9791721BE3C03A005DAFF2 /* combinationlockprefs */,
				2E9791731BE3C03A005DAFF2 /* CombinationLockTest */,
				2E9791741BE3C03A005DAFF2 /* final_release_debs */,
				2E9791751BE3C03A005DAFF2 /* layout */,
				2E97917B1BE3C03A005DAFF2 /* Makefile */,
				2E9791761BE3C03A005DAFF2 /* public */,
				2E9791771BE3C03A005DAFF2 /* Resources */,
				2E9791791BE3C03A005DAFF2 /* SWCombinationItem.m */,
				2E97917A1BE3C03A005DAFF2 /* SWCombinationWheel.m */,
				2E9791781BE3C03A005DAFF2 /* CombinationLock.plist */,
				2E97917C1BE3C03A005DAFF2 /* SWCombinationLock.xm */,
			);
			sourceTree = "<group>";
		};
/* End PBXGroup section */

/* Begin PBXProject section */
		2E0CC2551AD8483400118802 /* Project object */ = {
			isa = PBXProject;
			attributes = {
				LastUpgradeCheck = 0710;
			};
			buildConfigurationList = 2E0CC2581AD8483400118802 /* Build configuration list for PBXProject "combinationlock" */;
			compatibilityVersion = "Xcode 3.2";
			developmentRegion = English;
			hasScannedForEncodings = 0;
			knownRegions = (
				en,
			);
			mainGroup = 2E0CC2541AD8483400118802;
			projectDirPath = "";
			projectRoot = "";
			targets = (
			);
		};
/* End PBXProject section */

/* Begin XCBuildConfiguration section */
		2E0CC2591AD8483400118802 /* Debug */ = {
			isa = XCBuildConfiguration;
			buildSettings = {
				ENABLE_TESTABILITY = YES;
				ONLY_ACTIVE_ARCH = YES;
			};
			name = Debug;
		};
		2E0CC25A1AD8483400118802 /* Release */ = {
			isa = XCBuildConfiguration;
			buildSettings = {
			};
			name = Release;
		};
/* End XCBuildConfiguration section */

/* Begin XCConfigurationList section */
		2E0CC2581AD8483400118802 /* Build configuration list for PBXProject "combinationlock" */ = {
			isa = XCConfigurationList;
			buildConfigurations = (
				2E0CC2591AD8483400118802 /* Debug */,
				2E0CC25A1AD8483400118802 /* Release */,
			);
			defaultConfigurationIsVisible = 0;
			defaultConfigurationName = Release;
		};
/* End XCConfigurationList section */
	};
	rootObject = 2E0CC2551AD8483400118802 /* Project object */;
}
