// !$*UTF8*$!
{
	archiveVersion = 1;
	classes = {
	};
	objectVersion = 46;
	objects = {

/* Begin PBXFileReference section */
		2EBA090F1BE29C2700923582 /* Assets */ = {isa = PBXFileReference; lastKnownFileType = folder; name = Assets; path = combinationlock/Assets; sourceTree = "<group>"; };
		2EBA09121BE29C2700923582 /* layout */ = {isa = PBXFileReference; lastKnownFileType = folder; name = layout; path = combinationlock/layout; sourceTree = "<group>"; };
		2EBA09131BE29C2700923582 /* Makefile */ = {isa = PBXFileReference; lastKnownFileType = sourcecode.make; name = Makefile; path = combinationlock/Makefile; sourceTree = "<group>"; };
		2EBA09141BE29C2700923582 /* public */ = {isa = PBXFileReference; lastKnownFileType = folder; name = public; path = combinationlock/public; sourceTree = "<group>"; };
		2EBA09151BE29C2700923582 /* SWCombinationLock.xm */ = {isa = PBXFileReference; explicitFileType = sourcecode.cpp.objcpp; name = SWCombinationLock.xm; path = combinationlock/SWCombinationLock.xm; sourceTree = "<group>"; };
		2EBA09161BE29C2700923582 /* SWCombinationWheel */ = {isa = PBXFileReference; lastKnownFileType = folder; name = SWCombinationWheel; path = combinationlock/SWCombinationWheel; sourceTree = "<group>"; };
/* End PBXFileReference section */

/* Begin PBXGroup section */
		2E0CC2541AD8483400118802 = {
			isa = PBXGroup;
			children = (
				2EBA090F1BE29C2700923582 /* Assets */,
				2EBA09121BE29C2700923582 /* layout */,
				2EBA09131BE29C2700923582 /* Makefile */,
				2EBA09141BE29C2700923582 /* public */,
				2EBA09161BE29C2700923582 /* SWCombinationWheel */,
				2EBA09151BE29C2700923582 /* SWCombinationLock.xm */,
			);
			sourceTree = "<group>";
		};
/* End PBXGroup section */

/* Begin PBXProject section */
		2E0CC2551AD8483400118802 /* Project object */ = {
			isa = PBXProject;
			attributes = {
				LastUpgradeCheck = 0630;
			};
			buildConfigurationList = 2E0CC2581AD8483400118802 /* Build configuration list for PBXProject "combinationlock" */;
			compatibilityVersion = "Xcode 3.2";
			developmentRegion = English;
			hasScannedForEncodings = 0;
			knownRegions = (
				en,
			);
			mainGroup = 2E0CC2541AD8483400118802;
			projectDirPath = "";
			projectRoot = "";
			targets = (
			);
		};
/* End PBXProject section */

/* Begin XCBuildConfiguration section */
		2E0CC2591AD8483400118802 /* Debug */ = {
			isa = XCBuildConfiguration;
			buildSettings = {
			};
			name = Debug;
		};
		2E0CC25A1AD8483400118802 /* Release */ = {
			isa = XCBuildConfiguration;
			buildSettings = {
			};
			name = Release;
		};
/* End XCBuildConfiguration section */

/* Begin XCConfigurationList section */
		2E0CC2581AD8483400118802 /* Build configuration list for PBXProject "combinationlock" */ = {
			isa = XCConfigurationList;
			buildConfigurations = (
				2E0CC2591AD8483400118802 /* Debug */,
				2E0CC25A1AD8483400118802 /* Release */,
			);
			defaultConfigurationIsVisible = 0;
			defaultConfigurationName = Release;
		};
/* End XCConfigurationList section */
	};
	rootObject = 2E0CC2551AD8483400118802 /* Project object */;
}
