// !$*UTF8*$!
{
	archiveVersion = 1;
	classes = {
	};
	objectVersion = 46;
	objects = {

/* Begin PBXFileReference section */
		2EA989111BE9362600A79AC9 /* public */ = {isa = PBXFileReference; lastKnownFileType = folder; path = public; sourceTree = "<group>"; };
		2EA989121BE9362600A79AC9 /* Resources */ = {isa = PBXFileReference; lastKnownFileType = folder; path = Resources; sourceTree = "<group>"; };
		2EA989131BE9362600A79AC9 /* entry.plist */ = {isa = PBXFileReference; lastKnownFileType = file.bplist; path = entry.plist; sourceTree = "<group>"; };
		2EA989141BE9362600A79AC9 /* SWCombinationLockPSListController.mm */ = {isa = PBXFileReference; lastKnownFileType = sourcecode.cpp.objcpp; path = SWCombinationLockPSListController.mm; sourceTree = "<group>"; };
		2EA989151BE9362600A79AC9 /* Makefile */ = {isa = PBXFileReference; lastKnownFileType = sourcecode.make; path = Makefile; sourceTree = "<group>"; };
/* End PBXFileReference section */

/* Begin PBXGroup section */
		2ED32CAD1BE935EA0052D7C8 = {
			isa = PBXGroup;
			children = (
				2EA989111BE9362600A79AC9 /* public */,
				2EA989121BE9362600A79AC9 /* Resources */,
				2EA989131BE9362600A79AC9 /* entry.plist */,
				2EA989141BE9362600A79AC9 /* SWCombinationLockPSListController.mm */,
				2EA989151BE9362600A79AC9 /* Makefile */,
			);
			sourceTree = "<group>";
		};
/* End PBXGroup section */

/* Begin PBXProject section */
		2ED32CAE1BE935EA0052D7C8 /* Project object */ = {
			isa = PBXProject;
			attributes = {
				LastUpgradeCheck = 0710;
			};
			buildConfigurationList = 2ED32CB11BE935EA0052D7C8 /* Build configuration list for PBXProject "CombinationLockPrefs" */;
			compatibilityVersion = "Xcode 3.2";
			developmentRegion = English;
			hasScannedForEncodings = 0;
			knownRegions = (
				en,
			);
			mainGroup = 2ED32CAD1BE935EA0052D7C8;
			projectDirPath = "";
			projectRoot = "";
			targets = (
			);
		};
/* End PBXProject section */

/* Begin XCBuildConfiguration section */
		2ED32CB21BE935EA0052D7C8 /* Debug */ = {
			isa = XCBuildConfiguration;
			buildSettings = {
			};
			name = Debug;
		};
		2ED32CB31BE935EA0052D7C8 /* Release */ = {
			isa = XCBuildConfiguration;
			buildSettings = {
			};
			name = Release;
		};
/* End XCBuildConfiguration section */

/* Begin XCConfigurationList section */
		2ED32CB11BE935EA0052D7C8 /* Build configuration list for PBXProject "CombinationLockPrefs" */ = {
			isa = XCConfigurationList;
			buildConfigurations = (
				2ED32CB21BE935EA0052D7C8 /* Debug */,
				2ED32CB31BE935EA0052D7C8 /* Release */,
			);
			defaultConfigurationIsVisible = 0;
			defaultConfigurationName = Release;
		};
/* End XCConfigurationList section */
	};
	rootObject = 2ED32CAE1BE935EA0052D7C8 /* Project object */;
}
