// !$*UTF8*$!
{
	archiveVersion = 1;
	classes = {
	};
	objectVersion = 46;
	objects = {

/* Begin PBXFileReference section */
		2E97916B1BE3BD8B005DAFF2 /* public */ = {isa = PBXFileReference; lastKnownFileType = folder; name = public; path = combinationlockprefs/public; sourceTree = "<group>"; };
		2E97916C1BE3BD8B005DAFF2 /* Resources */ = {isa = PBXFileReference; lastKnownFileType = folder; name = Resources; path = combinationlockprefs/Resources; sourceTree = "<group>"; };
		2E97916E1BE3BD8B005DAFF2 /* entry.plist */ = {isa = PBXFileReference; lastKnownFileType = file.bplist; name = entry.plist; path = combinationlockprefs/entry.plist; sourceTree = "<group>"; };
		2E97916F1BE3BD8B005DAFF2 /* SWCombinationLockPSListController.mm */ = {isa = PBXFileReference; lastKnownFileType = sourcecode.cpp.objcpp; name = SWCombinationLockPSListController.mm; path = combinationlockprefs/SWCombinationLockPSListController.mm; sourceTree = "<group>"; };
		2E9791701BE3BD8B005DAFF2 /* Makefile */ = {isa = PBXFileReference; lastKnownFileType = sourcecode.make; name = Makefile; path = combinationlockprefs/Makefile; sourceTree = "<group>"; };
/* End PBXFileReference section */

/* Begin PBXGroup section */
		2E9791641BE3BCC4005DAFF2 = {
			isa = PBXGroup;
			children = (
				2E9791701BE3BD8B005DAFF2 /* Makefile */,
				2E97916B1BE3BD8B005DAFF2 /* public */,
				2E97916C1BE3BD8B005DAFF2 /* Resources */,
				2E97916F1BE3BD8B005DAFF2 /* SWCombinationLockPSListController.mm */,
				2E97916E1BE3BD8B005DAFF2 /* entry.plist */,
			);
			sourceTree = "<group>";
		};
/* End PBXGroup section */

/* Begin PBXProject section */
		2E9791651BE3BCC4005DAFF2 /* Project object */ = {
			isa = PBXProject;
			attributes = {
				LastUpgradeCheck = 0710;
			};
			buildConfigurationList = 2E9791681BE3BCC4005DAFF2 /* Build configuration list for PBXProject "combinationlockprefs" */;
			compatibilityVersion = "Xcode 3.2";
			developmentRegion = English;
			hasScannedForEncodings = 0;
			knownRegions = (
				en,
			);
			mainGroup = 2E9791641BE3BCC4005DAFF2;
			projectDirPath = "";
			projectRoot = "";
			targets = (
			);
		};
/* End PBXProject section */

/* Begin XCBuildConfiguration section */
		2E9791691BE3BCC4005DAFF2 /* Debug */ = {
			isa = XCBuildConfiguration;
			buildSettings = {
			};
			name = Debug;
		};
		2E97916A1BE3BCC4005DAFF2 /* Release */ = {
			isa = XCBuildConfiguration;
			buildSettings = {
			};
			name = Release;
		};
/* End XCBuildConfiguration section */

/* Begin XCConfigurationList section */
		2E9791681BE3BCC4005DAFF2 /* Build configuration list for PBXProject "combinationlockprefs" */ = {
			isa = XCConfigurationList;
			buildConfigurations = (
				2E9791691BE3BCC4005DAFF2 /* Debug */,
				2E97916A1BE3BCC4005DAFF2 /* Release */,
			);
			defaultConfigurationIsVisible = 0;
			defaultConfigurationName = Release;
		};
/* End XCConfigurationList section */
	};
	rootObject = 2E9791651BE3BCC4005DAFF2 /* Project object */;
}
